
Microsoft Visual Studio Solution File, Format Version 12.00
# Visual Studio Version 17
VisualStudioVersion = 17.7.34031.279
MinimumVisualStudioVersion = 10.0.40219.1
Project("{FAE04EC0-301F-11D3-BF4B-00C04F79EFBC}") = "ConsoleAppModule04", "ConsoleAppModule04\ConsoleAppModule04.csproj", "{254E3176-5A9B-4935-889B-6D92AD4C7372}"
EndProject
Global
	GlobalSection(SolutionConfigurationPlatforms) = preSolution
		Debug|Any CPU = Debug|Any CPU
		Release|Any CPU = Release|Any CPU
	EndGlobalSection
	GlobalSection(ProjectConfigurationPlatforms) = postSolution
		{254E3176-5A9B-4935-889B-6D92AD4C7372}.Debug|Any CPU.ActiveCfg = Debug|Any CPU
		{254E3176-5A9B-4935-889B-6D92AD4C7372}.Debug|Any CPU.Build.0 = Debug|Any CPU
		{254E3176-5A9B-4935-889B-6D92AD4C7372}.Release|Any CPU.ActiveCfg = Release|Any CPU
		{254E3176-5A9B-4935-889B-6D92AD4C7372}.Release|Any CPU.Build.0 = Release|Any CPU
	EndGlobalSection
	GlobalSection(SolutionProperties) = preSolution
		HideSolutionNode = FALSE
	EndGlobalSection
	GlobalSection(ExtensibilityGlobals) = postSolution
		SolutionGuid = {C841CA7C-7C5B-4E13-8B64-9CA0581DD1D3}
	EndGlobalSection
EndGlobal
