
Microsoft Visual Studio Solution File, Format Version 12.00
# Visual Studio Version 17
VisualStudioVersion = 17.7.34031.279
MinimumVisualStudioVersion = 10.0.40219.1
Project("{FAE04EC0-301F-11D3-BF4B-00C04F79EFBC}") = "Module15HomeWork", "Module15HomeWork\Module15HomeWork.csproj", "{3EB0BBD8-1589-492D-B36B-30499B1DA7B5}"
EndProject
Global
	GlobalSection(SolutionConfigurationPlatforms) = preSolution
		Debug|Any CPU = Debug|Any CPU
		Release|Any CPU = Release|Any CPU
	EndGlobalSection
	GlobalSection(ProjectConfigurationPlatforms) = postSolution
		{3EB0BBD8-1589-492D-B36B-30499B1DA7B5}.Debug|Any CPU.ActiveCfg = Debug|Any CPU
		{3EB0BBD8-1589-492D-B36B-30499B1DA7B5}.Debug|Any CPU.Build.0 = Debug|Any CPU
		{3EB0BBD8-1589-492D-B36B-30499B1DA7B5}.Release|Any CPU.ActiveCfg = Release|Any CPU
		{3EB0BBD8-1589-492D-B36B-30499B1DA7B5}.Release|Any CPU.Build.0 = Release|Any CPU
	EndGlobalSection
	GlobalSection(SolutionProperties) = preSolution
		HideSolutionNode = FALSE
	EndGlobalSection
	GlobalSection(ExtensibilityGlobals) = postSolution
		SolutionGuid = {189424BA-5DA7-4248-A8C6-DEEC555EABFD}
	EndGlobalSection
EndGlobal
