
Microsoft Visual Studio Solution File, Format Version 12.00
# Visual Studio Version 17
VisualStudioVersion = 17.7.34031.279
MinimumVisualStudioVersion = 10.0.40219.1
Project("{FAE04EC0-301F-11D3-BF4B-00C04F79EFBC}") = "ConsoleAppModule03Homework", "ConsoleAppModule03Homework\ConsoleAppModule03Homework.csproj", "{ADC17D15-4600-413F-B402-B91BA63C14B4}"
EndProject
Global
	GlobalSection(SolutionConfigurationPlatforms) = preSolution
		Debug|Any CPU = Debug|Any CPU
		Release|Any CPU = Release|Any CPU
	EndGlobalSection
	GlobalSection(ProjectConfigurationPlatforms) = postSolution
		{ADC17D15-4600-413F-B402-B91BA63C14B4}.Debug|Any CPU.ActiveCfg = Debug|Any CPU
		{ADC17D15-4600-413F-B402-B91BA63C14B4}.Debug|Any CPU.Build.0 = Debug|Any CPU
		{ADC17D15-4600-413F-B402-B91BA63C14B4}.Release|Any CPU.ActiveCfg = Release|Any CPU
		{ADC17D15-4600-413F-B402-B91BA63C14B4}.Release|Any CPU.Build.0 = Release|Any CPU
	EndGlobalSection
	GlobalSection(SolutionProperties) = preSolution
		HideSolutionNode = FALSE
	EndGlobalSection
	GlobalSection(ExtensibilityGlobals) = postSolution
		SolutionGuid = {FDD3A122-1D6B-4DA8-A563-ADB5C9848741}
	EndGlobalSection
EndGlobal
