
Microsoft Visual Studio Solution File, Format Version 12.00
# Visual Studio Version 17
VisualStudioVersion = 17.7.34031.279
MinimumVisualStudioVersion = 10.0.40219.1
Project("{FAE04EC0-301F-11D3-BF4B-00C04F79EFBC}") = "ConsoleAppModule01", "ConsoleAppModule01\ConsoleAppModule01.csproj", "{C7495B21-361C-4F66-98C4-EE6DE12FEACC}"
EndProject
Global
	GlobalSection(SolutionConfigurationPlatforms) = preSolution
		Debug|Any CPU = Debug|Any CPU
		Release|Any CPU = Release|Any CPU
	EndGlobalSection
	GlobalSection(ProjectConfigurationPlatforms) = postSolution
		{C7495B21-361C-4F66-98C4-EE6DE12FEACC}.Debug|Any CPU.ActiveCfg = Debug|Any CPU
		{C7495B21-361C-4F66-98C4-EE6DE12FEACC}.Debug|Any CPU.Build.0 = Debug|Any CPU
		{C7495B21-361C-4F66-98C4-EE6DE12FEACC}.Release|Any CPU.ActiveCfg = Release|Any CPU
		{C7495B21-361C-4F66-98C4-EE6DE12FEACC}.Release|Any CPU.Build.0 = Release|Any CPU
	EndGlobalSection
	GlobalSection(SolutionProperties) = preSolution
		HideSolutionNode = FALSE
	EndGlobalSection
	GlobalSection(ExtensibilityGlobals) = postSolution
		SolutionGuid = {63041DC9-9913-4591-9CB6-C35FBD4954C9}
	EndGlobalSection
EndGlobal
