
Microsoft Visual Studio Solution File, Format Version 12.00
# Visual Studio Version 17
VisualStudioVersion = 17.7.34031.279
MinimumVisualStudioVersion = 10.0.40219.1
Project("{FAE04EC0-301F-11D3-BF4B-00C04F79EFBC}") = "Module15Practice", "Module15Practice\Module15Practice.csproj", "{F8413AD2-A994-45F1-A3B1-8A329D4A6AE7}"
EndProject
Global
	GlobalSection(SolutionConfigurationPlatforms) = preSolution
		Debug|Any CPU = Debug|Any CPU
		Release|Any CPU = Release|Any CPU
	EndGlobalSection
	GlobalSection(ProjectConfigurationPlatforms) = postSolution
		{F8413AD2-A994-45F1-A3B1-8A329D4A6AE7}.Debug|Any CPU.ActiveCfg = Debug|Any CPU
		{F8413AD2-A994-45F1-A3B1-8A329D4A6AE7}.Debug|Any CPU.Build.0 = Debug|Any CPU
		{F8413AD2-A994-45F1-A3B1-8A329D4A6AE7}.Release|Any CPU.ActiveCfg = Release|Any CPU
		{F8413AD2-A994-45F1-A3B1-8A329D4A6AE7}.Release|Any CPU.Build.0 = Release|Any CPU
	EndGlobalSection
	GlobalSection(SolutionProperties) = preSolution
		HideSolutionNode = FALSE
	EndGlobalSection
	GlobalSection(ExtensibilityGlobals) = postSolution
		SolutionGuid = {19857DA5-3559-4434-9211-ECDA48E269F3}
	EndGlobalSection
EndGlobal
