
Microsoft Visual Studio Solution File, Format Version 12.00
# Visual Studio Version 17
VisualStudioVersion = 17.7.34031.279
MinimumVisualStudioVersion = 10.0.40219.1
Project("{FAE04EC0-301F-11D3-BF4B-00C04F79EFBC}") = "Module12HomeWork", "Module12HomeWork\Module12HomeWork.csproj", "{2D9C4DC8-94BA-4467-9969-7F4097F46237}"
EndProject
Global
	GlobalSection(SolutionConfigurationPlatforms) = preSolution
		Debug|Any CPU = Debug|Any CPU
		Release|Any CPU = Release|Any CPU
	EndGlobalSection
	GlobalSection(ProjectConfigurationPlatforms) = postSolution
		{2D9C4DC8-94BA-4467-9969-7F4097F46237}.Debug|Any CPU.ActiveCfg = Debug|Any CPU
		{2D9C4DC8-94BA-4467-9969-7F4097F46237}.Debug|Any CPU.Build.0 = Debug|Any CPU
		{2D9C4DC8-94BA-4467-9969-7F4097F46237}.Release|Any CPU.ActiveCfg = Release|Any CPU
		{2D9C4DC8-94BA-4467-9969-7F4097F46237}.Release|Any CPU.Build.0 = Release|Any CPU
	EndGlobalSection
	GlobalSection(SolutionProperties) = preSolution
		HideSolutionNode = FALSE
	EndGlobalSection
	GlobalSection(ExtensibilityGlobals) = postSolution
		SolutionGuid = {0D6CD07A-14E0-44E9-A6C4-977352CDC9B3}
	EndGlobalSection
EndGlobal
